
Microsoft Visual Studio Solution File, Format Version 12.00
# Visual Studio Version 17
VisualStudioVersion = 17.11.35312.102
MinimumVisualStudioVersion = 10.0.40219.1
Project("{FAE04EC0-301F-11D3-BF4B-00C04F79EFBC}") = "VentaVehiculos", "VentaVehiculos.csproj", "{6ED5E2B1-9457-45EA-9647-D534EDC20EAD}"
EndProject
Global
	GlobalSection(SolutionConfigurationPlatforms) = preSolution
		Debug|Any CPU = Debug|Any CPU
		Release|Any CPU = Release|Any CPU
	EndGlobalSection
	GlobalSection(ProjectConfigurationPlatforms) = postSolution
		{6ED5E2B1-9457-45EA-9647-D534EDC20EAD}.Debug|Any CPU.ActiveCfg = Debug|Any CPU
		{6ED5E2B1-9457-45EA-9647-D534EDC20EAD}.Debug|Any CPU.Build.0 = Debug|Any CPU
		{6ED5E2B1-9457-45EA-9647-D534EDC20EAD}.Release|Any CPU.ActiveCfg = Release|Any CPU
		{6ED5E2B1-9457-45EA-9647-D534EDC20EAD}.Release|Any CPU.Build.0 = Release|Any CPU
	EndGlobalSection
	GlobalSection(SolutionProperties) = preSolution
		HideSolutionNode = FALSE
	EndGlobalSection
	GlobalSection(ExtensibilityGlobals) = postSolution
		SolutionGuid = {ECC51088-A4F8-4BCD-A214-583936583CDE}
	EndGlobalSection
EndGlobal
